
Microsoft Visual Studio Solution File, Format Version 12.00
# Visual Studio Version 16
VisualStudioVersion = 16.0.30523.141
MinimumVisualStudioVersion = 10.0.40219.1
Project("{FAE04EC0-301F-11D3-BF4B-00C04F79EFBC}") = "ConsoleApp3.1", "ConsoleApp3.1.csproj", "{45B85812-3682-41A0-B04C-195B609703D3}"
EndProject
Global
	GlobalSection(SolutionConfigurationPlatforms) = preSolution
		Debug|Any CPU = Debug|Any CPU
		Release|Any CPU = Release|Any CPU
	EndGlobalSection
	GlobalSection(ProjectConfigurationPlatforms) = postSolution
		{45B85812-3682-41A0-B04C-195B609703D3}.Debug|Any CPU.ActiveCfg = Debug|Any CPU
		{45B85812-3682-41A0-B04C-195B609703D3}.Debug|Any CPU.Build.0 = Debug|Any CPU
		{45B85812-3682-41A0-B04C-195B609703D3}.Release|Any CPU.ActiveCfg = Release|Any CPU
		{45B85812-3682-41A0-B04C-195B609703D3}.Release|Any CPU.Build.0 = Release|Any CPU
	EndGlobalSection
	GlobalSection(SolutionProperties) = preSolution
		HideSolutionNode = FALSE
	EndGlobalSection
	GlobalSection(ExtensibilityGlobals) = postSolution
		SolutionGuid = {391A98CF-84F6-4BDA-9E26-72A855A362C7}
	EndGlobalSection
EndGlobal
