
Microsoft Visual Studio Solution File, Format Version 12.00
# Visual Studio Version 16
VisualStudioVersion = 16.0.30523.141
MinimumVisualStudioVersion = 10.0.40219.1
Project("{FAE04EC0-301F-11D3-BF4B-00C04F79EFBC}") = "ConsoleApp2", "ConsoleApp2.csproj", "{40E99C03-4B8D-48BD-83DD-D11659C8EB5D}"
EndProject
Global
	GlobalSection(SolutionConfigurationPlatforms) = preSolution
		Debug|Any CPU = Debug|Any CPU
		Release|Any CPU = Release|Any CPU
	EndGlobalSection
	GlobalSection(ProjectConfigurationPlatforms) = postSolution
		{40E99C03-4B8D-48BD-83DD-D11659C8EB5D}.Debug|Any CPU.ActiveCfg = Debug|Any CPU
		{40E99C03-4B8D-48BD-83DD-D11659C8EB5D}.Debug|Any CPU.Build.0 = Debug|Any CPU
		{40E99C03-4B8D-48BD-83DD-D11659C8EB5D}.Release|Any CPU.ActiveCfg = Release|Any CPU
		{40E99C03-4B8D-48BD-83DD-D11659C8EB5D}.Release|Any CPU.Build.0 = Release|Any CPU
	EndGlobalSection
	GlobalSection(SolutionProperties) = preSolution
		HideSolutionNode = FALSE
	EndGlobalSection
	GlobalSection(ExtensibilityGlobals) = postSolution
		SolutionGuid = {A63C72BB-56A7-41A1-9D30-64B0991381C3}
	EndGlobalSection
EndGlobal
