
Microsoft Visual Studio Solution File, Format Version 12.00
# Visual Studio Version 16
VisualStudioVersion = 16.0.30717.126
MinimumVisualStudioVersion = 10.0.40219.1
Project("{FAE04EC0-301F-11D3-BF4B-00C04F79EFBC}") = "简易计算器", "简易计算器.csproj", "{8E02870D-6AC1-43F2-B213-73A6AE161220}"
EndProject
Global
	GlobalSection(SolutionConfigurationPlatforms) = preSolution
		Debug|Any CPU = Debug|Any CPU
		Release|Any CPU = Release|Any CPU
	EndGlobalSection
	GlobalSection(ProjectConfigurationPlatforms) = postSolution
		{8E02870D-6AC1-43F2-B213-73A6AE161220}.Debug|Any CPU.ActiveCfg = Debug|Any CPU
		{8E02870D-6AC1-43F2-B213-73A6AE161220}.Debug|Any CPU.Build.0 = Debug|Any CPU
		{8E02870D-6AC1-43F2-B213-73A6AE161220}.Release|Any CPU.ActiveCfg = Release|Any CPU
		{8E02870D-6AC1-43F2-B213-73A6AE161220}.Release|Any CPU.Build.0 = Release|Any CPU
	EndGlobalSection
	GlobalSection(SolutionProperties) = preSolution
		HideSolutionNode = FALSE
	EndGlobalSection
	GlobalSection(ExtensibilityGlobals) = postSolution
		SolutionGuid = {A886EF21-F526-4209-9B63-5C5227F102F1}
	EndGlobalSection
EndGlobal
