
Microsoft Visual Studio Solution File, Format Version 12.00
# Visual Studio Version 16
VisualStudioVersion = 16.0.30621.155
MinimumVisualStudioVersion = 10.0.40219.1
Project("{FAE04EC0-301F-11D3-BF4B-00C04F79EFBC}") = "WindowsFormsApp3", "WindowsFormsApp3.csproj", "{ED14F16F-5304-4B5B-B21A-FD7E5996451F}"
EndProject
Project("{FAE04EC0-301F-11D3-BF4B-00C04F79EFBC}") = "Models", "..\Models\Models.csproj", "{4307AF1E-0039-484C-B470-B7CEFEEE0F21}"
EndProject
Project("{FAE04EC0-301F-11D3-BF4B-00C04F79EFBC}") = "DALS", "..\DALS\DALS.csproj", "{EFC0330A-745E-4650-B4CD-E4320BE667E3}"
EndProject
Global
	GlobalSection(SolutionConfigurationPlatforms) = preSolution
		Debug|Any CPU = Debug|Any CPU
		Release|Any CPU = Release|Any CPU
	EndGlobalSection
	GlobalSection(ProjectConfigurationPlatforms) = postSolution
		{ED14F16F-5304-4B5B-B21A-FD7E5996451F}.Debug|Any CPU.ActiveCfg = Debug|Any CPU
		{ED14F16F-5304-4B5B-B21A-FD7E5996451F}.Debug|Any CPU.Build.0 = Debug|Any CPU
		{ED14F16F-5304-4B5B-B21A-FD7E5996451F}.Release|Any CPU.ActiveCfg = Release|Any CPU
		{ED14F16F-5304-4B5B-B21A-FD7E5996451F}.Release|Any CPU.Build.0 = Release|Any CPU
		{4307AF1E-0039-484C-B470-B7CEFEEE0F21}.Debug|Any CPU.ActiveCfg = Debug|Any CPU
		{4307AF1E-0039-484C-B470-B7CEFEEE0F21}.Debug|Any CPU.Build.0 = Debug|Any CPU
		{4307AF1E-0039-484C-B470-B7CEFEEE0F21}.Release|Any CPU.ActiveCfg = Release|Any CPU
		{4307AF1E-0039-484C-B470-B7CEFEEE0F21}.Release|Any CPU.Build.0 = Release|Any CPU
		{EFC0330A-745E-4650-B4CD-E4320BE667E3}.Debug|Any CPU.ActiveCfg = Debug|Any CPU
		{EFC0330A-745E-4650-B4CD-E4320BE667E3}.Debug|Any CPU.Build.0 = Debug|Any CPU
		{EFC0330A-745E-4650-B4CD-E4320BE667E3}.Release|Any CPU.ActiveCfg = Release|Any CPU
		{EFC0330A-745E-4650-B4CD-E4320BE667E3}.Release|Any CPU.Build.0 = Release|Any CPU
	EndGlobalSection
	GlobalSection(SolutionProperties) = preSolution
		HideSolutionNode = FALSE
	EndGlobalSection
	GlobalSection(ExtensibilityGlobals) = postSolution
		SolutionGuid = {C879BF76-6761-4448-A380-794739B0B8A6}
	EndGlobalSection
EndGlobal
