
Microsoft Visual Studio Solution File, Format Version 12.00
# Visual Studio Version 16
VisualStudioVersion = 16.0.30517.126
MinimumVisualStudioVersion = 10.0.40219.1
Project("{FAE04EC0-301F-11D3-BF4B-00C04F79EFBC}") = "简易计算器", "简易计算器.csproj", "{6FA0FACA-1C1D-4B59-98FC-4DD64F6E1F76}"
EndProject
Global
	GlobalSection(SolutionConfigurationPlatforms) = preSolution
		Debug|Any CPU = Debug|Any CPU
		Release|Any CPU = Release|Any CPU
	EndGlobalSection
	GlobalSection(ProjectConfigurationPlatforms) = postSolution
		{6FA0FACA-1C1D-4B59-98FC-4DD64F6E1F76}.Debug|Any CPU.ActiveCfg = Debug|Any CPU
		{6FA0FACA-1C1D-4B59-98FC-4DD64F6E1F76}.Debug|Any CPU.Build.0 = Debug|Any CPU
		{6FA0FACA-1C1D-4B59-98FC-4DD64F6E1F76}.Release|Any CPU.ActiveCfg = Release|Any CPU
		{6FA0FACA-1C1D-4B59-98FC-4DD64F6E1F76}.Release|Any CPU.Build.0 = Release|Any CPU
	EndGlobalSection
	GlobalSection(SolutionProperties) = preSolution
		HideSolutionNode = FALSE
	EndGlobalSection
	GlobalSection(ExtensibilityGlobals) = postSolution
		SolutionGuid = {192D1FF5-88C9-4797-BD3F-E9FE12E669CF}
	EndGlobalSection
EndGlobal
