
Microsoft Visual Studio Solution File, Format Version 12.00
# Visual Studio Version 16
VisualStudioVersion = 16.0.30804.86
MinimumVisualStudioVersion = 10.0.40219.1
Project("{FAE04EC0-301F-11D3-BF4B-00C04F79EFBC}") = "酒店客房管理系统-住宿登记", "酒店客房管理系统-住宿登记.csproj", "{F3AC6C85-0479-4C1C-BC5D-3C0714FFD646}"
EndProject
Global
	GlobalSection(SolutionConfigurationPlatforms) = preSolution
		Debug|Any CPU = Debug|Any CPU
		Release|Any CPU = Release|Any CPU
	EndGlobalSection
	GlobalSection(ProjectConfigurationPlatforms) = postSolution
		{F3AC6C85-0479-4C1C-BC5D-3C0714FFD646}.Debug|Any CPU.ActiveCfg = Release|Any CPU
		{F3AC6C85-0479-4C1C-BC5D-3C0714FFD646}.Debug|Any CPU.Build.0 = Release|Any CPU
		{F3AC6C85-0479-4C1C-BC5D-3C0714FFD646}.Release|Any CPU.ActiveCfg = Release|Any CPU
		{F3AC6C85-0479-4C1C-BC5D-3C0714FFD646}.Release|Any CPU.Build.0 = Release|Any CPU
	EndGlobalSection
	GlobalSection(SolutionProperties) = preSolution
		HideSolutionNode = FALSE
	EndGlobalSection
	GlobalSection(ExtensibilityGlobals) = postSolution
		SolutionGuid = {91CD531E-32E5-4EE3-9AD0-05AEF71C81F0}
	EndGlobalSection
EndGlobal
